lockfileVersion: '9.0'

settings:
  autoInstallPeers: true
  excludeLinksFromLockfile: false

importers:

  .:
    dependencies:
      '@prisma/client':
        specifier: ^5.16.2
        version: 5.16.2(prisma@5.16.2)
      prisma:
        specifier: ^5.16.2
        version: 5.16.2

packages:

  '@prisma/client@5.16.2':
    resolution: {integrity: sha512-+1lmkhR9gHWcTC5oghm2ZKpWljyWdzfazCVlLKUWXVmwHSf52g81aZ8qb6Km5Bs025yBi7puLp3qSLEvktoUtw==}
    engines: {node: '>=16.13'}
    peerDependencies:
      prisma: '*'
    peerDependenciesMeta:
      prisma:
        optional: true

  '@prisma/debug@5.16.2':
    resolution: {integrity: sha512-ItzB4nR4O8eLzuJiuP3WwUJfoIvewMHqpGCad+64gvThcKEVOtaUza9AEJo2DPqAOa/AWkFyK54oM4WwHeew+A==}

  '@prisma/engines-version@5.16.0-24.34ace0eb2704183d2c05b60b52fba5c43c13f303':
    resolution: {integrity: sha512-HkT2WbfmFZ9WUPyuJHhkiADxazHg8Y4gByrTSVeb3OikP6tjQ7txtSUGu9OBOBH0C13dPKN2qqH12xKtHu/Hiw==}

  '@prisma/engines@5.16.2':
    resolution: {integrity: sha512-qUxwMtrwoG3byd4PbX6T7EjHJ8AUhzTuwniOGkh/hIznBfcE2QQnGakyEq4VnwNuttMqvh/GgPFapHQ3lCuRHg==}

  '@prisma/fetch-engine@5.16.2':
    resolution: {integrity: sha512-sq51lfHKfH2jjYSjBtMjP+AznFqOJzXpqmq6B9auWrlTJrMgZ7lPyhWUW7VU7LsQU48/TJ+DZeIz8s9bMYvcHg==}

  '@prisma/get-platform@5.16.2':
    resolution: {integrity: sha512-cXiHPgNLNyj22vLouPVNegklpRL/iX2jxTeap5GRO3DmCoVyIHmJAV1CgUMUJhHlcol9yYy7EHvsnXTDJ/PKEA==}

  prisma@5.16.2:
    resolution: {integrity: sha512-rFV/xoBR2hBGGlu4LPLQd4U8WVA+tSAmYyFWGPRVfj+xg7N4kiZV4lSk38htSpF+/IuHKzlrbh4SFk8Z18cI8A==}
    engines: {node: '>=16.13'}
    hasBin: true

snapshots:

  '@prisma/client@5.16.2(prisma@5.16.2)':
    optionalDependencies:
      prisma: 5.16.2

  '@prisma/debug@5.16.2': {}

  '@prisma/engines-version@5.16.0-24.34ace0eb2704183d2c05b60b52fba5c43c13f303': {}

  '@prisma/engines@5.16.2':
    dependencies:
      '@prisma/debug': 5.16.2
      '@prisma/engines-version': 5.16.0-24.34ace0eb2704183d2c05b60b52fba5c43c13f303
      '@prisma/fetch-engine': 5.16.2
      '@prisma/get-platform': 5.16.2

  '@prisma/fetch-engine@5.16.2':
    dependencies:
      '@prisma/debug': 5.16.2
      '@prisma/engines-version': 5.16.0-24.34ace0eb2704183d2c05b60b52fba5c43c13f303
      '@prisma/get-platform': 5.16.2

  '@prisma/get-platform@5.16.2':
    dependencies:
      '@prisma/debug': 5.16.2

  prisma@5.16.2:
    dependencies:
      '@prisma/engines': 5.16.2
